
Microsoft Visual Studio Solution File, Format Version 12.00
# Visual Studio Version 16
VisualStudioVersion = 16.0.31019.35
MinimumVisualStudioVersion = 10.0.40219.1
Project("{FAE04EC0-301F-11D3-BF4B-00C04F79EFBC}") = "WebAddressBook", "WebAddressBook\WebAddressBook.csproj", "{17B66275-4D41-41EA-A1DB-101BA30240E7}"
EndProject
Global
	GlobalSection(SolutionConfigurationPlatforms) = preSolution
		Debug|Any CPU = Debug|Any CPU
		Release|Any CPU = Release|Any CPU
	EndGlobalSection
	GlobalSection(ProjectConfigurationPlatforms) = postSolution
		{17B66275-4D41-41EA-A1DB-101BA30240E7}.Debug|Any CPU.ActiveCfg = Debug|Any CPU
		{17B66275-4D41-41EA-A1DB-101BA30240E7}.Debug|Any CPU.Build.0 = Debug|Any CPU
		{17B66275-4D41-41EA-A1DB-101BA30240E7}.Release|Any CPU.ActiveCfg = Release|Any CPU
		{17B66275-4D41-41EA-A1DB-101BA30240E7}.Release|Any CPU.Build.0 = Release|Any CPU
	EndGlobalSection
	GlobalSection(SolutionProperties) = preSolution
		HideSolutionNode = FALSE
	EndGlobalSection
	GlobalSection(ExtensibilityGlobals) = postSolution
		SolutionGuid = {88210E3A-002E-485D-A95F-33471E9F8D87}
	EndGlobalSection
EndGlobal
